
Microsoft Visual Studio Solution File, Format Version 12.00
# Visual Studio Version 17
VisualStudioVersion = 17.4.33213.308
MinimumVisualStudioVersion = 10.0.40219.1
Project("{FAE04EC0-301F-11D3-BF4B-00C04F79EFBC}") = "Mission6_DexterStephens", "Mission6_DexterStephens.csproj", "{4F1D9BD7-CCD9-49CC-AAA3-95CE7D94313B}"
EndProject
Global
	GlobalSection(SolutionConfigurationPlatforms) = preSolution
		Debug|Any CPU = Debug|Any CPU
		Release|Any CPU = Release|Any CPU
	EndGlobalSection
	GlobalSection(ProjectConfigurationPlatforms) = postSolution
		{4F1D9BD7-CCD9-49CC-AAA3-95CE7D94313B}.Debug|Any CPU.ActiveCfg = Debug|Any CPU
		{4F1D9BD7-CCD9-49CC-AAA3-95CE7D94313B}.Debug|Any CPU.Build.0 = Debug|Any CPU
		{4F1D9BD7-CCD9-49CC-AAA3-95CE7D94313B}.Release|Any CPU.ActiveCfg = Release|Any CPU
		{4F1D9BD7-CCD9-49CC-AAA3-95CE7D94313B}.Release|Any CPU.Build.0 = Release|Any CPU
	EndGlobalSection
	GlobalSection(SolutionProperties) = preSolution
		HideSolutionNode = FALSE
	EndGlobalSection
	GlobalSection(ExtensibilityGlobals) = postSolution
		SolutionGuid = {BB2F48AC-3F5E-4AD3-8584-6DB452A88EE8}
	EndGlobalSection
EndGlobal
